
Microsoft Visual Studio Solution File, Format Version 12.00
# Visual Studio Version 16
VisualStudioVersion = 16.0.30320.27
MinimumVisualStudioVersion = 10.0.40219.1
Project("{9A19103F-16F7-4668-BE54-9A1E7A4F7556}") = "学习项目", "学习项目\学习项目.csproj", "{064913A5-1D07-4503-B39A-8B8CFF48A78F}"
EndProject
Project("{9A19103F-16F7-4668-BE54-9A1E7A4F7556}") = "设计模式", "设计模式\设计模式.csproj", "{3478E43E-50B7-4ABF-9928-59D28B158B38}"
EndProject
Project("{FAE04EC0-301F-11D3-BF4B-00C04F79EFBC}") = "多线程学习", "多线程学习\多线程学习.csproj", "{8D5B0BCB-8F1F-4937-9344-F80B1959CEC0}"
EndProject
Global
	GlobalSection(SolutionConfigurationPlatforms) = preSolution
		Debug|Any CPU = Debug|Any CPU
		Release|Any CPU = Release|Any CPU
	EndGlobalSection
	GlobalSection(ProjectConfigurationPlatforms) = postSolution
		{064913A5-1D07-4503-B39A-8B8CFF48A78F}.Debug|Any CPU.ActiveCfg = Debug|Any CPU
		{064913A5-1D07-4503-B39A-8B8CFF48A78F}.Debug|Any CPU.Build.0 = Debug|Any CPU
		{064913A5-1D07-4503-B39A-8B8CFF48A78F}.Release|Any CPU.ActiveCfg = Release|Any CPU
		{064913A5-1D07-4503-B39A-8B8CFF48A78F}.Release|Any CPU.Build.0 = Release|Any CPU
		{3478E43E-50B7-4ABF-9928-59D28B158B38}.Debug|Any CPU.ActiveCfg = Debug|Any CPU
		{3478E43E-50B7-4ABF-9928-59D28B158B38}.Debug|Any CPU.Build.0 = Debug|Any CPU
		{3478E43E-50B7-4ABF-9928-59D28B158B38}.Release|Any CPU.ActiveCfg = Release|Any CPU
		{3478E43E-50B7-4ABF-9928-59D28B158B38}.Release|Any CPU.Build.0 = Release|Any CPU
		{8D5B0BCB-8F1F-4937-9344-F80B1959CEC0}.Debug|Any CPU.ActiveCfg = Debug|Any CPU
		{8D5B0BCB-8F1F-4937-9344-F80B1959CEC0}.Debug|Any CPU.Build.0 = Debug|Any CPU
		{8D5B0BCB-8F1F-4937-9344-F80B1959CEC0}.Release|Any CPU.ActiveCfg = Release|Any CPU
		{8D5B0BCB-8F1F-4937-9344-F80B1959CEC0}.Release|Any CPU.Build.0 = Release|Any CPU
	EndGlobalSection
	GlobalSection(SolutionProperties) = preSolution
		HideSolutionNode = FALSE
	EndGlobalSection
	GlobalSection(ExtensibilityGlobals) = postSolution
		SolutionGuid = {547F8B2B-3060-480D-87F3-2BA055ECFD68}
	EndGlobalSection
EndGlobal
